// !$*UTF8*$!
{
	archiveVersion = 1;
	classes = {
	};
	objectVersion = 48;
	objects = {

/* Begin PBXBuildFile section */
		4B2537E21FB19B7F0024416F /* ConfigurationManager.swift in Sources */ = {isa = PBXBuildFile; fileRef = 4B2537E11FB19B7F0024416F /* ConfigurationManager.swift */; };
		4BBAA4541FB1B2CD000D2C87 /* Configuration.swift in Sources */ = {isa = PBXBuildFile; fileRef = 4BBAA4531FB1B2CD000D2C87 /* Configuration.swift */; };
		4BE677671FAC406900292144 /* AppDelegate.swift in Sources */ = {isa = PBXBuildFile; fileRef = 4BE677661FAC406900292144 /* AppDelegate.swift */; };
		4BE677691FAC406900292144 /* ViewController.swift in Sources */ = {isa = PBXBuildFile; fileRef = 4BE677681FAC406900292144 /* ViewController.swift */; };
		4BE6776C1FAC406900292144 /* Main.storyboard in Resources */ = {isa = PBXBuildFile; fileRef = 4BE6776A1FAC406900292144 /* Main.storyboard */; };
		4BE6776E1FAC406900292144 /* Assets.xcassets in Resources */ = {isa = PBXBuildFile; fileRef = 4BE6776D1FAC406900292144 /* Assets.xcassets */; };
		4BE677711FAC406900292144 /* LaunchScreen.storyboard in Resources */ = {isa = PBXBuildFile; fileRef = 4BE6776F1FAC406900292144 /* LaunchScreen.storyboard */; };
/* End PBXBuildFile section */

/* Begin PBXFileReference section */
		4B2537E11FB19B7F0024416F /* ConfigurationManager.swift */ = {isa = PBXFileReference; lastKnownFileType = sourcecode.swift; path = ConfigurationManager.swift; sourceTree = "<group>"; };
		4BBAA4531FB1B2CD000D2C87 /* Configuration.swift */ = {isa = PBXFileReference; lastKnownFileType = sourcecode.swift; path = Configuration.swift; sourceTree = "<group>"; };
		4BE677631FAC406900292144 /* practise.app */ = {isa = PBXFileReference; explicitFileType = wrapper.application; includeInIndex = 0; path = practise.app; sourceTree = BUILT_PRODUCTS_DIR; };
		4BE677661FAC406900292144 /* AppDelegate.swift */ = {isa = PBXFileReference; lastKnownFileType = sourcecode.swift; path = AppDelegate.swift; sourceTree = "<group>"; };
		4BE677681FAC406900292144 /* ViewController.swift */ = {isa = PBXFileReference; lastKnownFileType = sourcecode.swift; path = ViewController.swift; sourceTree = "<group>"; };
		4BE6776B1FAC406900292144 /* Base */ = {isa = PBXFileReference; lastKnownFileType = file.storyboard; name = Base; path = Base.lproj/Main.storyboard; sourceTree = "<group>"; };
		4BE6776D1FAC406900292144 /* Assets.xcassets */ = {isa = PBXFileReference; lastKnownFileType = folder.assetcatalog; path = Assets.xcassets; sourceTree = "<group>"; };
		4BE677701FAC406900292144 /* Base */ = {isa = PBXFileReference; lastKnownFileType = file.storyboard; name = Base; path = Base.lproj/LaunchScreen.storyboard; sourceTree = "<group>"; };
		4BE677721FAC406900292144 /* Info.plist */ = {isa = PBXFileReference; lastKnownFileType = text.plist.xml; path = Info.plist; sourceTree = "<group>"; };
/* End PBXFileReference section */

/* Begin PBXFrameworksBuildPhase section */
		4BE677601FAC406900292144 /* Frameworks */ = {
			isa = PBXFrameworksBuildPhase;
			buildActionMask = 2147483647;
			files = (
			);
			runOnlyForDeploymentPostprocessing = 0;
		};
/* End PBXFrameworksBuildPhase section */

/* Begin PBXGroup section */
		4BE6775A1FAC406900292144 = {
			isa = PBXGroup;
			children = (
				4BE677651FAC406900292144 /* practise */,
				4BE677641FAC406900292144 /* Products */,
			);
			sourceTree = "<group>";
		};
		4BE677641FAC406900292144 /* Products */ = {
			isa = PBXGroup;
			children = (
				4BE677631FAC406900292144 /* practise.app */,
			);
			name = Products;
			sourceTree = "<group>";
		};
		4BE677651FAC406900292144 /* practise */ = {
			isa = PBXGroup;
			children = (
				4BE677661FAC406900292144 /* AppDelegate.swift */,
				4BE677681FAC406900292144 /* ViewController.swift */,
				4B2537E11FB19B7F0024416F /* ConfigurationManager.swift */,
				4BBAA4531FB1B2CD000D2C87 /* Configuration.swift */,
				4BE6776A1FAC406900292144 /* Main.storyboard */,
				4BE6776D1FAC406900292144 /* Assets.xcassets */,
				4BE6776F1FAC406900292144 /* LaunchScreen.storyboard */,
				4BE677721FAC406900292144 /* Info.plist */,
			);
			path = practise;
			sourceTree = "<group>";
		};
/* End PBXGroup section */

/* Begin PBXNativeTarget section */
		4BE677621FAC406900292144 /* practise */ = {
			isa = PBXNativeTarget;
			buildConfigurationList = 4BE677751FAC406900292144 /* Build configuration list for PBXNativeTarget "practise" */;
			buildPhases = (
				4BE6775F1FAC406900292144 /* Sources */,
				4BE677601FAC406900292144 /* Frameworks */,
				4BE677611FAC406900292144 /* Resources */,
			);
			buildRules = (
			);
			dependencies = (
			);
			name = practise;
			productName = practise;
			productReference = 4BE677631FAC406900292144 /* practise.app */;
			productType = "com.apple.product-type.application";
		};
/* End PBXNativeTarget section */

/* Begin PBXProject section */
		4BE6775B1FAC406900292144 /* Project object */ = {
			isa = PBXProject;
			attributes = {
				LastSwiftUpdateCheck = 0900;
				LastUpgradeCheck = 0900;
				ORGANIZATIONNAME = "Nitin Bhatia";
				TargetAttributes = {
					4BE677621FAC406900292144 = {
						CreatedOnToolsVersion = 9.0.1;
						ProvisioningStyle = Automatic;
					};
				};
			};
			buildConfigurationList = 4BE6775E1FAC406900292144 /* Build configuration list for PBXProject "practise" */;
			compatibilityVersion = "Xcode 8.0";
			developmentRegion = en;
			hasScannedForEncodings = 0;
			knownRegions = (
				en,
				Base,
			);
			mainGroup = 4BE6775A1FAC406900292144;
			productRefGroup = 4BE677641FAC406900292144 /* Products */;
			projectDirPath = "";
			projectRoot = "";
			targets = (
				4BE677621FAC406900292144 /* practise */,
			);
		};
/* End PBXProject section */

/* Begin PBXResourcesBuildPhase section */
		4BE677611FAC406900292144 /* Resources */ = {
			isa = PBXResourcesBuildPhase;
			buildActionMask = 2147483647;
			files = (
				4BE677711FAC406900292144 /* LaunchScreen.storyboard in Resources */,
				4BE6776E1FAC406900292144 /* Assets.xcassets in Resources */,
				4BE6776C1FAC406900292144 /* Main.storyboard in Resources */,
			);
			runOnlyForDeploymentPostprocessing = 0;
		};
/* End PBXResourcesBuildPhase section */

/* Begin PBXSourcesBuildPhase section */
		4BE6775F1FAC406900292144 /* Sources */ = {
			isa = PBXSourcesBuildPhase;
			buildActionMask = 2147483647;
			files = (
				4B2537E21FB19B7F0024416F /* ConfigurationManager.swift in Sources */,
				4BE677691FAC406900292144 /* ViewController.swift in Sources */,
				4BBAA4541FB1B2CD000D2C87 /* Configuration.swift in Sources */,
				4BE677671FAC406900292144 /* AppDelegate.swift in Sources */,
			);
			runOnlyForDeploymentPostprocessing = 0;
		};
/* End PBXSourcesBuildPhase section */

/* Begin PBXVariantGroup section */
		4BE6776A1FAC406900292144 /* Main.storyboard */ = {
			isa = PBXVariantGroup;
			children = (
				4BE6776B1FAC406900292144 /* Base */,
			);
			name = Main.storyboard;
			sourceTree = "<group>";
		};
		4BE6776F1FAC406900292144 /* LaunchScreen.storyboard */ = {
			isa = PBXVariantGroup;
			children = (
				4BE677701FAC406900292144 /* Base */,
			);
			name = LaunchScreen.storyboard;
			sourceTree = "<group>";
		};
/* End PBXVariantGroup section */

/* Begin XCBuildConfiguration section */
		4BE677731FAC406900292144 /* Debug */ = {
			isa = XCBuildConfiguration;
			buildSettings = {
				ALWAYS_SEARCH_USER_PATHS = NO;
				CLANG_ANALYZER_NONNULL = YES;
				CLANG_ANALYZER_NUMBER_OBJECT_CONVERSION = YES_AGGRESSIVE;
				CLANG_CXX_LANGUAGE_STANDARD = "gnu++14";
				CLANG_CXX_LIBRARY = "libc++";
				CLANG_ENABLE_MODULES = YES;
				CLANG_ENABLE_OBJC_ARC = YES;
				CLANG_WARN_BLOCK_CAPTURE_AUTORELEASING = YES;
				CLANG_WARN_BOOL_CONVERSION = YES;
				CLANG_WARN_COMMA = YES;
				CLANG_WARN_CONSTANT_CONVERSION = YES;
				CLANG_WARN_DIRECT_OBJC_ISA_USAGE = YES_ERROR;
				CLANG_WARN_DOCUMENTATION_COMMENTS = YES;
				CLANG_WARN_EMPTY_BODY = YES;
				CLANG_WARN_ENUM_CONVERSION = YES;
				CLANG_WARN_INFINITE_RECURSION = YES;
				CLANG_WARN_INT_CONVERSION = YES;
				CLANG_WARN_NON_LITERAL_NULL_CONVERSION = YES;
				CLANG_WARN_OBJC_LITERAL_CONVERSION = YES;
				CLANG_WARN_OBJC_ROOT_CLASS = YES_ERROR;
				CLANG_WARN_RANGE_LOOP_ANALYSIS = YES;
				CLANG_WARN_STRICT_PROTOTYPES = YES;
				CLANG_WARN_SUSPICIOUS_MOVE = YES;
				CLANG_WARN_UNGUARDED_AVAILABILITY = YES_AGGRESSIVE;
				CLANG_WARN_UNREACHABLE_CODE = YES;
				CLANG_WARN__DUPLICATE_METHOD_MATCH = YES;
				CODE_SIGN_IDENTITY = "iPhone Developer";
				COPY_PHASE_STRIP = NO;
				DEBUG_INFORMATION_FORMAT = dwarf;
				ENABLE_STRICT_OBJC_MSGSEND = YES;
				ENABLE_TESTABILITY = YES;
				GCC_C_LANGUAGE_STANDARD = gnu11;
				GCC_DYNAMIC_NO_PIC = NO;
				GCC_NO_COMMON_BLOCKS = YES;
				GCC_OPTIMIZATION_LEVEL = 0;
				GCC_PREPROCESSOR_DEFINITIONS = (
					"DEBUG=1",
					"$(inherited)",
				);
				GCC_WARN_64_TO_32_BIT_CONVERSION = YES;
				GCC_WARN_ABOUT_RETURN_TYPE = YES_ERROR;
				GCC_WARN_UNDECLARED_SELECTOR = YES;
				GCC_WARN_UNINITIALIZED_AUTOS = YES_AGGRESSIVE;
				GCC_WARN_UNUSED_FUNCTION = YES;
				GCC_WARN_UNUSED_VARIABLE = YES;
				IPHONEOS_DEPLOYMENT_TARGET = 11.0;
				MTL_ENABLE_DEBUG_INFO = YES;
				ONLY_ACTIVE_ARCH = YES;
				SDKROOT = iphoneos;
				SWIFT_ACTIVE_COMPILATION_CONDITIONS = DEBUG;
				SWIFT_OPTIMIZATION_LEVEL = "-Onone";
			};
			name = Debug;
		};
		4BE677741FAC406900292144 /* Release */ = {
			isa = XCBuildConfiguration;
			buildSettings = {
				ALWAYS_SEARCH_USER_PATHS = NO;
				CLANG_ANALYZER_NONNULL = YES;
				CLANG_ANALYZER_NUMBER_OBJECT_CONVERSION = YES_AGGRESSIVE;
				CLANG_CXX_LANGUAGE_STANDARD = "gnu++14";
				CLANG_CXX_LIBRARY = "libc++";
				CLANG_ENABLE_MODULES = YES;
				CLANG_ENABLE_OBJC_ARC = YES;
				CLANG_WARN_BLOCK_CAPTURE_AUTORELEASING = YES;
				CLANG_WARN_BOOL_CONVERSION = YES;
				CLANG_WARN_COMMA = YES;
				CLANG_WARN_CONSTANT_CONVERSION = YES;
				CLANG_WARN_DIRECT_OBJC_ISA_USAGE = YES_ERROR;
				CLANG_WARN_DOCUMENTATION_COMMENTS = YES;
				CLANG_WARN_EMPTY_BODY = YES;
				CLANG_WARN_ENUM_CONVERSION = YES;
				CLANG_WARN_INFINITE_RECURSION = YES;
				CLANG_WARN_INT_CONVERSION = YES;
				CLANG_WARN_NON_LITERAL_NULL_CONVERSION = YES;
				CLANG_WARN_OBJC_LITERAL_CONVERSION = YES;
				CLANG_WARN_OBJC_ROOT_CLASS = YES_ERROR;
				CLANG_WARN_RANGE_LOOP_ANALYSIS = YES;
				CLANG_WARN_STRICT_PROTOTYPES = YES;
				CLANG_WARN_SUSPICIOUS_MOVE = YES;
				CLANG_WARN_UNGUARDED_AVAILABILITY = YES_AGGRESSIVE;
				CLANG_WARN_UNREACHABLE_CODE = YES;
				CLANG_WARN__DUPLICATE_METHOD_MATCH = YES;
				CODE_SIGN_IDENTITY = "iPhone Developer";
				COPY_PHASE_STRIP = NO;
				DEBUG_INFORMATION_FORMAT = "dwarf-with-dsym";
				ENABLE_NS_ASSERTIONS = NO;
				ENABLE_STRICT_OBJC_MSGSEND = YES;
				GCC_C_LANGUAGE_STANDARD = gnu11;
				GCC_NO_COMMON_BLOCKS = YES;
				GCC_WARN_64_TO_32_BIT_CONVERSION = YES;
				GCC_WARN_ABOUT_RETURN_TYPE = YES_ERROR;
				GCC_WARN_UNDECLARED_SELECTOR = YES;
				GCC_WARN_UNINITIALIZED_AUTOS = YES_AGGRESSIVE;
				GCC_WARN_UNUSED_FUNCTION = YES;
				GCC_WARN_UNUSED_VARIABLE = YES;
				IPHONEOS_DEPLOYMENT_TARGET = 11.0;
				MTL_ENABLE_DEBUG_INFO = NO;
				SDKROOT = iphoneos;
				SWIFT_OPTIMIZATION_LEVEL = "-Owholemodule";
				VALIDATE_PRODUCT = YES;
			};
			name = Release;
		};
		4BE677761FAC406900292144 /* Debug */ = {
			isa = XCBuildConfiguration;
			buildSettings = {
				ASSETCATALOG_COMPILER_APPICON_NAME = AppIcon;
				CODE_SIGN_STYLE = Automatic;
				DEVELOPMENT_TEAM = SF78HV8BZS;
				INFOPLIST_FILE = practise/Info.plist;
				LD_RUNPATH_SEARCH_PATHS = "$(inherited) @executable_path/Frameworks";
				PRODUCT_BUNDLE_IDENTIFIER = com.demo.practise;
				PRODUCT_NAME = "$(TARGET_NAME)";
				SWIFT_VERSION = 4.0;
				TARGETED_DEVICE_FAMILY = "1,2";
			};
			name = Debug;
		};
		4BE677771FAC406900292144 /* Release */ = {
			isa = XCBuildConfiguration;
			buildSettings = {
				ASSETCATALOG_COMPILER_APPICON_NAME = AppIcon;
				CODE_SIGN_STYLE = Automatic;
				DEVELOPMENT_TEAM = SF78HV8BZS;
				INFOPLIST_FILE = practise/Info.plist;
				LD_RUNPATH_SEARCH_PATHS = "$(inherited) @executable_path/Frameworks";
				PRODUCT_BUNDLE_IDENTIFIER = com.demo.practise;
				PRODUCT_NAME = "$(TARGET_NAME)";
				SWIFT_VERSION = 4.0;
				TARGETED_DEVICE_FAMILY = "1,2";
			};
			name = Release;
		};
/* End XCBuildConfiguration section */

/* Begin XCConfigurationList section */
		4BE6775E1FAC406900292144 /* Build configuration list for PBXProject "practise" */ = {
			isa = XCConfigurationList;
			buildConfigurations = (
				4BE677731FAC406900292144 /* Debug */,
				4BE677741FAC406900292144 /* Release */,
			);
			defaultConfigurationIsVisible = 0;
			defaultConfigurationName = Release;
		};
		4BE677751FAC406900292144 /* Build configuration list for PBXNativeTarget "practise" */ = {
			isa = XCConfigurationList;
			buildConfigurations = (
				4BE677761FAC406900292144 /* Debug */,
				4BE677771FAC406900292144 /* Release */,
			);
			defaultConfigurationIsVisible = 0;
			defaultConfigurationName = Release;
		};
/* End XCConfigurationList section */
	};
	rootObject = 4BE6775B1FAC406900292144 /* Project object */;
}
